
Microsoft Visual Studio Solution File, Format Version 11.00
# Visual C++ Express 2010
Project("{8BC9CEB8-8B4A-11D0-8D11-00A0C91BC942}") = "class2week", "class2week\class2week.vcxproj", "{AA9A2511-9DE0-4539-BE09-2C49AEB9EE25}"
EndProject
Global
	GlobalSection(SolutionConfigurationPlatforms) = preSolution
		Debug|Win32 = Debug|Win32
		Release|Win32 = Release|Win32
	EndGlobalSection
	GlobalSection(ProjectConfigurationPlatforms) = postSolution
		{AA9A2511-9DE0-4539-BE09-2C49AEB9EE25}.Debug|Win32.ActiveCfg = Debug|Win32
		{AA9A2511-9DE0-4539-BE09-2C49AEB9EE25}.Debug|Win32.Build.0 = Debug|Win32
		{AA9A2511-9DE0-4539-BE09-2C49AEB9EE25}.Release|Win32.ActiveCfg = Release|Win32
		{AA9A2511-9DE0-4539-BE09-2C49AEB9EE25}.Release|Win32.Build.0 = Release|Win32
	EndGlobalSection
	GlobalSection(SolutionProperties) = preSolution
		HideSolutionNode = FALSE
	EndGlobalSection
EndGlobal
