
Microsoft Visual Studio Solution File, Format Version 11.00
# Visual C++ Express 2010
Project("{8BC9CEB8-8B4A-11D0-8D11-00A0C91BC942}") = "ch8assign", "ch8assign\ch8assign.vcxproj", "{41AF2F1A-CD54-4FCD-B066-5DB75FAED37E}"
EndProject
Global
	GlobalSection(SolutionConfigurationPlatforms) = preSolution
		Debug|Win32 = Debug|Win32
		Release|Win32 = Release|Win32
	EndGlobalSection
	GlobalSection(ProjectConfigurationPlatforms) = postSolution
		{41AF2F1A-CD54-4FCD-B066-5DB75FAED37E}.Debug|Win32.ActiveCfg = Debug|Win32
		{41AF2F1A-CD54-4FCD-B066-5DB75FAED37E}.Debug|Win32.Build.0 = Debug|Win32
		{41AF2F1A-CD54-4FCD-B066-5DB75FAED37E}.Release|Win32.ActiveCfg = Release|Win32
		{41AF2F1A-CD54-4FCD-B066-5DB75FAED37E}.Release|Win32.Build.0 = Release|Win32
	EndGlobalSection
	GlobalSection(SolutionProperties) = preSolution
		HideSolutionNode = FALSE
	EndGlobalSection
EndGlobal
